
Microsoft Visual Studio Solution File, Format Version 12.00
# Visual Studio Version 17
VisualStudioVersion = 17.5.002.0
MinimumVisualStudioVersion = 10.0.40219.1
Project("{9A19103F-16F7-4668-BE54-9A1E7A4F7556}") = "Xopmizer", "Xopmizer\Xopmizer.csproj", "{C793983A-192B-4E83-A650-605A045EB497}"
EndProject
Global
	GlobalSection(SolutionConfigurationPlatforms) = preSolution
		Debug|Any CPU = Debug|Any CPU
		Release|Any CPU = Release|Any CPU
	EndGlobalSection
	GlobalSection(ProjectConfigurationPlatforms) = postSolution
		{C793983A-192B-4E83-A650-605A045EB497}.Debug|Any CPU.ActiveCfg = Debug|Any CPU
		{C793983A-192B-4E83-A650-605A045EB497}.Debug|Any CPU.Build.0 = Debug|Any CPU
		{C793983A-192B-4E83-A650-605A045EB497}.Release|Any CPU.ActiveCfg = Release|Any CPU
		{C793983A-192B-4E83-A650-605A045EB497}.Release|Any CPU.Build.0 = Release|Any CPU
	EndGlobalSection
	GlobalSection(SolutionProperties) = preSolution
		HideSolutionNode = FALSE
	EndGlobalSection
	GlobalSection(ExtensibilityGlobals) = postSolution
		SolutionGuid = {20453842-D3D8-4F20-B3FF-7E71AE25CACA}
	EndGlobalSection
EndGlobal
